
Microsoft Visual Studio Solution File, Format Version 12.00
# Visual Studio Version 17
VisualStudioVersion = 17.1.32407.343
MinimumVisualStudioVersion = 10.0.40219.1
Project("{FAE04EC0-301F-11D3-BF4B-00C04F79EFBC}") = "Shop", "Shop\Shop.csproj", "{7B9F7536-F215-4C91-96FE-916111E112A2}"
EndProject
Project("{FAE04EC0-301F-11D3-BF4B-00C04F79EFBC}") = "DomainModel", "DomainModel\DomainModel.csproj", "{71068CB9-A903-4980-9B36-21DD1C78D978}"
EndProject
Project("{FAE04EC0-301F-11D3-BF4B-00C04F79EFBC}") = "Framework", "Framework\Framework.csproj", "{71AD5009-41E1-445E-AEF0-706878E62BCD}"
EndProject
Project("{FAE04EC0-301F-11D3-BF4B-00C04F79EFBC}") = "Repository", "Repository\Repository.csproj", "{CA125952-4796-4679-B646-CF8C40DA6336}"
EndProject
Project("{FAE04EC0-301F-11D3-BF4B-00C04F79EFBC}") = "ViewModel", "ViewModel\ViewModel.csproj", "{74FDDF33-6ECA-4B12-8AC9-B7FE18C4BBCA}"
EndProject
Global
	GlobalSection(SolutionConfigurationPlatforms) = preSolution
		Debug|Any CPU = Debug|Any CPU
		Release|Any CPU = Release|Any CPU
	EndGlobalSection
	GlobalSection(ProjectConfigurationPlatforms) = postSolution
		{7B9F7536-F215-4C91-96FE-916111E112A2}.Debug|Any CPU.ActiveCfg = Debug|Any CPU
		{7B9F7536-F215-4C91-96FE-916111E112A2}.Debug|Any CPU.Build.0 = Debug|Any CPU
		{7B9F7536-F215-4C91-96FE-916111E112A2}.Release|Any CPU.ActiveCfg = Release|Any CPU
		{7B9F7536-F215-4C91-96FE-916111E112A2}.Release|Any CPU.Build.0 = Release|Any CPU
		{71068CB9-A903-4980-9B36-21DD1C78D978}.Debug|Any CPU.ActiveCfg = Debug|Any CPU
		{71068CB9-A903-4980-9B36-21DD1C78D978}.Debug|Any CPU.Build.0 = Debug|Any CPU
		{71068CB9-A903-4980-9B36-21DD1C78D978}.Release|Any CPU.ActiveCfg = Release|Any CPU
		{71068CB9-A903-4980-9B36-21DD1C78D978}.Release|Any CPU.Build.0 = Release|Any CPU
		{71AD5009-41E1-445E-AEF0-706878E62BCD}.Debug|Any CPU.ActiveCfg = Debug|Any CPU
		{71AD5009-41E1-445E-AEF0-706878E62BCD}.Debug|Any CPU.Build.0 = Debug|Any CPU
		{71AD5009-41E1-445E-AEF0-706878E62BCD}.Release|Any CPU.ActiveCfg = Release|Any CPU
		{71AD5009-41E1-445E-AEF0-706878E62BCD}.Release|Any CPU.Build.0 = Release|Any CPU
		{CA125952-4796-4679-B646-CF8C40DA6336}.Debug|Any CPU.ActiveCfg = Debug|Any CPU
		{CA125952-4796-4679-B646-CF8C40DA6336}.Debug|Any CPU.Build.0 = Debug|Any CPU
		{CA125952-4796-4679-B646-CF8C40DA6336}.Release|Any CPU.ActiveCfg = Release|Any CPU
		{CA125952-4796-4679-B646-CF8C40DA6336}.Release|Any CPU.Build.0 = Release|Any CPU
		{74FDDF33-6ECA-4B12-8AC9-B7FE18C4BBCA}.Debug|Any CPU.ActiveCfg = Debug|Any CPU
		{74FDDF33-6ECA-4B12-8AC9-B7FE18C4BBCA}.Debug|Any CPU.Build.0 = Debug|Any CPU
		{74FDDF33-6ECA-4B12-8AC9-B7FE18C4BBCA}.Release|Any CPU.ActiveCfg = Release|Any CPU
		{74FDDF33-6ECA-4B12-8AC9-B7FE18C4BBCA}.Release|Any CPU.Build.0 = Release|Any CPU
	EndGlobalSection
	GlobalSection(SolutionProperties) = preSolution
		HideSolutionNode = FALSE
	EndGlobalSection
	GlobalSection(ExtensibilityGlobals) = postSolution
		SolutionGuid = {8140B981-647E-4EC3-8299-9C0B653A1923}
	EndGlobalSection
EndGlobal
